
Microsoft Visual Studio Solution File, Format Version 12.00
# Visual Studio Version 17
VisualStudioVersion = 17.4.33110.190
MinimumVisualStudioVersion = 10.0.40219.1
Project("{FAE04EC0-301F-11D3-BF4B-00C04F79EFBC}") = "HuynhVoThuyDung_2122110289", "HuynhVoThuyDung_2122110289\HuynhVoThuyDung_2122110289.csproj", "{9E64BFDD-CAF4-4AB7-A90E-99E56E3A7573}"
EndProject
Global
	GlobalSection(SolutionConfigurationPlatforms) = preSolution
		Debug|Any CPU = Debug|Any CPU
		Release|Any CPU = Release|Any CPU
	EndGlobalSection
	GlobalSection(ProjectConfigurationPlatforms) = postSolution
		{9E64BFDD-CAF4-4AB7-A90E-99E56E3A7573}.Debug|Any CPU.ActiveCfg = Debug|Any CPU
		{9E64BFDD-CAF4-4AB7-A90E-99E56E3A7573}.Debug|Any CPU.Build.0 = Debug|Any CPU
		{9E64BFDD-CAF4-4AB7-A90E-99E56E3A7573}.Release|Any CPU.ActiveCfg = Release|Any CPU
		{9E64BFDD-CAF4-4AB7-A90E-99E56E3A7573}.Release|Any CPU.Build.0 = Release|Any CPU
	EndGlobalSection
	GlobalSection(SolutionProperties) = preSolution
		HideSolutionNode = FALSE
	EndGlobalSection
	GlobalSection(ExtensibilityGlobals) = postSolution
		SolutionGuid = {E0E6C6EE-396D-4FFE-AB17-E7639801CA56}
	EndGlobalSection
EndGlobal
